# IF THERE'S A GIT CONFLICT IN THIS FILE, DON'T SOLVE IT MANUALLY!
# INSTEAD EXECUTE `prisma2 migrate fix`
# Prisma Migrate lockfile v1
# Read more about conflict resolution here: TODO

20200222121359-set-resident-id
20200222131154-user-plot----user-community
20200222140406-add-pass-record
20200223110043-env
20200223113813-add-resident-passrecords
20200223134832-community-phone-manager
20200223143231-fix-resident-pass-records